
Microsoft Visual Studio Solution File, Format Version 12.00
# Visual Studio 2013
VisualStudioVersion = 12.0.31101.0
MinimumVisualStudioVersion = 10.0.40219.1
Project("{FAE04EC0-301F-11D3-BF4B-00C04F79EFBC}") = "Fastnet.Common", "Fastnet.Common\Fastnet.Common.csproj", "{F76D83DB-D795-4E19-9036-13C15C44A028}"
EndProject
Project("{FAE04EC0-301F-11D3-BF4B-00C04F79EFBC}") = "Fastnet.Web.Common", "Fastnet.Web.Common\Fastnet.Web.Common.csproj", "{0A21A0EB-794C-4997-8574-62AD484C64D2}"
EndProject
Project("{2150E333-8FDC-42A3-9474-1A3956D46DE8}") = ".nuget", ".nuget", "{7EBC7562-37CF-427F-9504-F8A8E6F8A6D1}"
	ProjectSection(SolutionItems) = preProject
		.nuget\NuGet.Config = .nuget\NuGet.Config
		.nuget\NuGet.exe = .nuget\NuGet.exe
		.nuget\NuGet.targets = .nuget\NuGet.targets
	EndProjectSection
EndProject
Global
	GlobalSection(SolutionConfigurationPlatforms) = preSolution
		Debug|Any CPU = Debug|Any CPU
		Release|Any CPU = Release|Any CPU
	EndGlobalSection
	GlobalSection(ProjectConfigurationPlatforms) = postSolution
		{F76D83DB-D795-4E19-9036-13C15C44A028}.Debug|Any CPU.ActiveCfg = Debug|Any CPU
		{F76D83DB-D795-4E19-9036-13C15C44A028}.Debug|Any CPU.Build.0 = Debug|Any CPU
		{F76D83DB-D795-4E19-9036-13C15C44A028}.Release|Any CPU.ActiveCfg = Release|Any CPU
		{F76D83DB-D795-4E19-9036-13C15C44A028}.Release|Any CPU.Build.0 = Release|Any CPU
		{0A21A0EB-794C-4997-8574-62AD484C64D2}.Debug|Any CPU.ActiveCfg = Debug|Any CPU
		{0A21A0EB-794C-4997-8574-62AD484C64D2}.Debug|Any CPU.Build.0 = Debug|Any CPU
		{0A21A0EB-794C-4997-8574-62AD484C64D2}.Release|Any CPU.ActiveCfg = Release|Any CPU
		{0A21A0EB-794C-4997-8574-62AD484C64D2}.Release|Any CPU.Build.0 = Release|Any CPU
	EndGlobalSection
	GlobalSection(SolutionProperties) = preSolution
		HideSolutionNode = FALSE
	EndGlobalSection
EndGlobal
